
Microsoft Visual Studio Solution File, Format Version 12.00
# Visual Studio Version 17
VisualStudioVersion = 17.12.35514.174 d17.12
MinimumVisualStudioVersion = 10.0.40219.1
Project("{FAE04EC0-301F-11D3-BF4B-00C04F79EFBC}") = "API", "API\API.csproj", "{682896B5-AE72-4F86-8F0E-968C8F05CDE7}"
EndProject
Project("{2150E333-8FDC-42A3-9474-1A3956D46DE8}") = "Data", "Data", "{A6D08144-0E6E-4693-AC31-B5A71EDAD6FB}"
EndProject
Project("{2150E333-8FDC-42A3-9474-1A3956D46DE8}") = "Services", "Services", "{D74FEA27-65B4-44F7-9E05-1BF4DAC5B868}"
EndProject
Project("{2150E333-8FDC-42A3-9474-1A3956D46DE8}") = "Common", "Common", "{8657F90F-EBD9-4554-9A2D-1839BDCD95DD}"
EndProject
Global
	GlobalSection(SolutionConfigurationPlatforms) = preSolution
		Debug|Any CPU = Debug|Any CPU
		Release|Any CPU = Release|Any CPU
	EndGlobalSection
	GlobalSection(ProjectConfigurationPlatforms) = postSolution
		{682896B5-AE72-4F86-8F0E-968C8F05CDE7}.Debug|Any CPU.ActiveCfg = Debug|Any CPU
		{682896B5-AE72-4F86-8F0E-968C8F05CDE7}.Debug|Any CPU.Build.0 = Debug|Any CPU
		{682896B5-AE72-4F86-8F0E-968C8F05CDE7}.Release|Any CPU.ActiveCfg = Release|Any CPU
		{682896B5-AE72-4F86-8F0E-968C8F05CDE7}.Release|Any CPU.Build.0 = Release|Any CPU
	EndGlobalSection
	GlobalSection(SolutionProperties) = preSolution
		HideSolutionNode = FALSE
	EndGlobalSection
EndGlobal
